
Microsoft Visual Studio Solution File, Format Version 12.00
# Visual Studio Version 16
VisualStudioVersion = 16.0.29001.49
MinimumVisualStudioVersion = 10.0.40219.1
Project("{FAE04EC0-301F-11D3-BF4B-00C04F79EFBC}") = "asighnment 2", "asighnment 2\asighnment 2.csproj", "{BD1256AF-C02B-4DB9-8483-481851371DC5}"
EndProject
Global
	GlobalSection(SolutionConfigurationPlatforms) = preSolution
		Debug|Any CPU = Debug|Any CPU
		Release|Any CPU = Release|Any CPU
	EndGlobalSection
	GlobalSection(ProjectConfigurationPlatforms) = postSolution
		{BD1256AF-C02B-4DB9-8483-481851371DC5}.Debug|Any CPU.ActiveCfg = Debug|Any CPU
		{BD1256AF-C02B-4DB9-8483-481851371DC5}.Debug|Any CPU.Build.0 = Debug|Any CPU
		{BD1256AF-C02B-4DB9-8483-481851371DC5}.Release|Any CPU.ActiveCfg = Release|Any CPU
		{BD1256AF-C02B-4DB9-8483-481851371DC5}.Release|Any CPU.Build.0 = Release|Any CPU
	EndGlobalSection
	GlobalSection(SolutionProperties) = preSolution
		HideSolutionNode = FALSE
	EndGlobalSection
	GlobalSection(ExtensibilityGlobals) = postSolution
		SolutionGuid = {CA86DBC2-50E8-4006-AF83-18B6E9628E62}
	EndGlobalSection
EndGlobal
